
Microsoft Visual Studio Solution File, Format Version 12.00
# Visual Studio Version 16
VisualStudioVersion = 16.0.30907.101
MinimumVisualStudioVersion = 10.0.40219.1
Project("{9A19103F-16F7-4668-BE54-9A1E7A4F7556}") = "API", "API\API.csproj", "{390E72EB-6C78-49BB-ADC5-341EAA93D282}"
EndProject
Project("{2150E333-8FDC-42A3-9474-1A3956D46DE8}") = "src", "src", "{F60B8A45-35AF-4B6F-BD27-60F841724354}"
EndProject
Project("{9A19103F-16F7-4668-BE54-9A1E7A4F7556}") = "Domain", "Domain\Domain.csproj", "{40885677-988C-44F3-9811-2233ED99C4D7}"
EndProject
Project("{9A19103F-16F7-4668-BE54-9A1E7A4F7556}") = "Repository", "Repository\Repository.csproj", "{96670263-25A6-4703-8277-323D6E3E0F4A}"
EndProject
Project("{9A19103F-16F7-4668-BE54-9A1E7A4F7556}") = "Core", "Core\Core.csproj", "{DAA62C99-FEA5-4985-BB54-4DA2D0B61B54}"
EndProject
Project("{9A19103F-16F7-4668-BE54-9A1E7A4F7556}") = "Service", "Service\Service.csproj", "{B5BDE687-87B5-4CCC-A9FA-57EAAA760275}"
EndProject
Project("{FAE04EC0-301F-11D3-BF4B-00C04F79EFBC}") = "Web", "Web\Web.csproj", "{361C1C73-BE00-4BE8-BC4D-A164959B7673}"
EndProject
Global
	GlobalSection(SolutionConfigurationPlatforms) = preSolution
		Debug|Any CPU = Debug|Any CPU
		Release|Any CPU = Release|Any CPU
	EndGlobalSection
	GlobalSection(ProjectConfigurationPlatforms) = postSolution
		{390E72EB-6C78-49BB-ADC5-341EAA93D282}.Debug|Any CPU.ActiveCfg = Debug|Any CPU
		{390E72EB-6C78-49BB-ADC5-341EAA93D282}.Debug|Any CPU.Build.0 = Debug|Any CPU
		{390E72EB-6C78-49BB-ADC5-341EAA93D282}.Release|Any CPU.ActiveCfg = Release|Any CPU
		{390E72EB-6C78-49BB-ADC5-341EAA93D282}.Release|Any CPU.Build.0 = Release|Any CPU
		{40885677-988C-44F3-9811-2233ED99C4D7}.Debug|Any CPU.ActiveCfg = Debug|Any CPU
		{40885677-988C-44F3-9811-2233ED99C4D7}.Debug|Any CPU.Build.0 = Debug|Any CPU
		{40885677-988C-44F3-9811-2233ED99C4D7}.Release|Any CPU.ActiveCfg = Release|Any CPU
		{40885677-988C-44F3-9811-2233ED99C4D7}.Release|Any CPU.Build.0 = Release|Any CPU
		{96670263-25A6-4703-8277-323D6E3E0F4A}.Debug|Any CPU.ActiveCfg = Debug|Any CPU
		{96670263-25A6-4703-8277-323D6E3E0F4A}.Debug|Any CPU.Build.0 = Debug|Any CPU
		{96670263-25A6-4703-8277-323D6E3E0F4A}.Release|Any CPU.ActiveCfg = Release|Any CPU
		{96670263-25A6-4703-8277-323D6E3E0F4A}.Release|Any CPU.Build.0 = Release|Any CPU
		{DAA62C99-FEA5-4985-BB54-4DA2D0B61B54}.Debug|Any CPU.ActiveCfg = Debug|Any CPU
		{DAA62C99-FEA5-4985-BB54-4DA2D0B61B54}.Debug|Any CPU.Build.0 = Debug|Any CPU
		{DAA62C99-FEA5-4985-BB54-4DA2D0B61B54}.Release|Any CPU.ActiveCfg = Release|Any CPU
		{DAA62C99-FEA5-4985-BB54-4DA2D0B61B54}.Release|Any CPU.Build.0 = Release|Any CPU
		{B5BDE687-87B5-4CCC-A9FA-57EAAA760275}.Debug|Any CPU.ActiveCfg = Debug|Any CPU
		{B5BDE687-87B5-4CCC-A9FA-57EAAA760275}.Debug|Any CPU.Build.0 = Debug|Any CPU
		{B5BDE687-87B5-4CCC-A9FA-57EAAA760275}.Release|Any CPU.ActiveCfg = Release|Any CPU
		{B5BDE687-87B5-4CCC-A9FA-57EAAA760275}.Release|Any CPU.Build.0 = Release|Any CPU
		{361C1C73-BE00-4BE8-BC4D-A164959B7673}.Debug|Any CPU.ActiveCfg = Debug|Any CPU
		{361C1C73-BE00-4BE8-BC4D-A164959B7673}.Debug|Any CPU.Build.0 = Debug|Any CPU
		{361C1C73-BE00-4BE8-BC4D-A164959B7673}.Release|Any CPU.ActiveCfg = Release|Any CPU
		{361C1C73-BE00-4BE8-BC4D-A164959B7673}.Release|Any CPU.Build.0 = Release|Any CPU
	EndGlobalSection
	GlobalSection(SolutionProperties) = preSolution
		HideSolutionNode = FALSE
	EndGlobalSection
	GlobalSection(NestedProjects) = preSolution
		{40885677-988C-44F3-9811-2233ED99C4D7} = {F60B8A45-35AF-4B6F-BD27-60F841724354}
		{96670263-25A6-4703-8277-323D6E3E0F4A} = {F60B8A45-35AF-4B6F-BD27-60F841724354}
		{DAA62C99-FEA5-4985-BB54-4DA2D0B61B54} = {F60B8A45-35AF-4B6F-BD27-60F841724354}
		{B5BDE687-87B5-4CCC-A9FA-57EAAA760275} = {F60B8A45-35AF-4B6F-BD27-60F841724354}
	EndGlobalSection
	GlobalSection(ExtensibilityGlobals) = postSolution
		SolutionGuid = {9897A023-504C-40A6-875B-368BE87DEAF7}
	EndGlobalSection
EndGlobal
