
Microsoft Visual Studio Solution File, Format Version 12.00
# Visual Studio Version 16
VisualStudioVersion = 16.0.30907.101
MinimumVisualStudioVersion = 10.0.40219.1
Project("{2150E333-8FDC-42A3-9474-1A3956D46DE8}") = "src", "src", "{486B843C-A092-4DD8-AAAF-CEE94219F391}"
EndProject
Project("{9A19103F-16F7-4668-BE54-9A1E7A4F7556}") = "Domain", "Domain\Domain.csproj", "{B7EEE7E1-029F-4629-B9A1-CD9C3D798E44}"
EndProject
Project("{FAE04EC0-301F-11D3-BF4B-00C04F79EFBC}") = "Repository", "Repository\Repository.csproj", "{232AB8E1-8281-434F-924A-487AB0B694B9}"
EndProject
Project("{FAE04EC0-301F-11D3-BF4B-00C04F79EFBC}") = "Services", "Services\Services.csproj", "{76AED20D-9BBC-4C25-9B66-2FD349237ACA}"
EndProject
Project("{FAE04EC0-301F-11D3-BF4B-00C04F79EFBC}") = "Core", "Core\Core.csproj", "{D8E1ED24-3BEA-4CFC-9724-3CD0D60F14AC}"
EndProject
Global
	GlobalSection(SolutionConfigurationPlatforms) = preSolution
		Debug|Any CPU = Debug|Any CPU
		Release|Any CPU = Release|Any CPU
	EndGlobalSection
	GlobalSection(ProjectConfigurationPlatforms) = postSolution
		{B7EEE7E1-029F-4629-B9A1-CD9C3D798E44}.Debug|Any CPU.ActiveCfg = Debug|Any CPU
		{B7EEE7E1-029F-4629-B9A1-CD9C3D798E44}.Debug|Any CPU.Build.0 = Debug|Any CPU
		{B7EEE7E1-029F-4629-B9A1-CD9C3D798E44}.Release|Any CPU.ActiveCfg = Release|Any CPU
		{B7EEE7E1-029F-4629-B9A1-CD9C3D798E44}.Release|Any CPU.Build.0 = Release|Any CPU
		{232AB8E1-8281-434F-924A-487AB0B694B9}.Debug|Any CPU.ActiveCfg = Debug|Any CPU
		{232AB8E1-8281-434F-924A-487AB0B694B9}.Debug|Any CPU.Build.0 = Debug|Any CPU
		{232AB8E1-8281-434F-924A-487AB0B694B9}.Release|Any CPU.ActiveCfg = Release|Any CPU
		{232AB8E1-8281-434F-924A-487AB0B694B9}.Release|Any CPU.Build.0 = Release|Any CPU
		{76AED20D-9BBC-4C25-9B66-2FD349237ACA}.Debug|Any CPU.ActiveCfg = Debug|Any CPU
		{76AED20D-9BBC-4C25-9B66-2FD349237ACA}.Debug|Any CPU.Build.0 = Debug|Any CPU
		{76AED20D-9BBC-4C25-9B66-2FD349237ACA}.Release|Any CPU.ActiveCfg = Release|Any CPU
		{76AED20D-9BBC-4C25-9B66-2FD349237ACA}.Release|Any CPU.Build.0 = Release|Any CPU
		{D8E1ED24-3BEA-4CFC-9724-3CD0D60F14AC}.Debug|Any CPU.ActiveCfg = Debug|Any CPU
		{D8E1ED24-3BEA-4CFC-9724-3CD0D60F14AC}.Debug|Any CPU.Build.0 = Debug|Any CPU
		{D8E1ED24-3BEA-4CFC-9724-3CD0D60F14AC}.Release|Any CPU.ActiveCfg = Release|Any CPU
		{D8E1ED24-3BEA-4CFC-9724-3CD0D60F14AC}.Release|Any CPU.Build.0 = Release|Any CPU
	EndGlobalSection
	GlobalSection(SolutionProperties) = preSolution
		HideSolutionNode = FALSE
	EndGlobalSection
	GlobalSection(NestedProjects) = preSolution
		{B7EEE7E1-029F-4629-B9A1-CD9C3D798E44} = {486B843C-A092-4DD8-AAAF-CEE94219F391}
		{232AB8E1-8281-434F-924A-487AB0B694B9} = {486B843C-A092-4DD8-AAAF-CEE94219F391}
		{76AED20D-9BBC-4C25-9B66-2FD349237ACA} = {486B843C-A092-4DD8-AAAF-CEE94219F391}
		{D8E1ED24-3BEA-4CFC-9724-3CD0D60F14AC} = {486B843C-A092-4DD8-AAAF-CEE94219F391}
	EndGlobalSection
	GlobalSection(ExtensibilityGlobals) = postSolution
		SolutionGuid = {9897A023-504C-40A6-875B-368BE87DEAF7}
	EndGlobalSection
EndGlobal
